
Microsoft Visual Studio Solution File, Format Version 12.00
# Visual Studio Version 17
VisualStudioVersion = 17.14.36511.14 d17.14
MinimumVisualStudioVersion = 10.0.40219.1
Project("{FAE04EC0-301F-11D3-BF4B-00C04F79EFBC}") = "Utility Library", "Utility Library\Utility Library.csproj", "{151FFFA9-C0D0-4468-B977-FDB55CC50CEF}"
EndProject
Global
	GlobalSection(SolutionConfigurationPlatforms) = preSolution
		Debug|Any CPU = Debug|Any CPU
		Release|Any CPU = Release|Any CPU
	EndGlobalSection
	GlobalSection(ProjectConfigurationPlatforms) = postSolution
		{151FFFA9-C0D0-4468-B977-FDB55CC50CEF}.Debug|Any CPU.ActiveCfg = Debug|Any CPU
		{151FFFA9-C0D0-4468-B977-FDB55CC50CEF}.Debug|Any CPU.Build.0 = Debug|Any CPU
		{151FFFA9-C0D0-4468-B977-FDB55CC50CEF}.Release|Any CPU.ActiveCfg = Release|Any CPU
		{151FFFA9-C0D0-4468-B977-FDB55CC50CEF}.Release|Any CPU.Build.0 = Release|Any CPU
	EndGlobalSection
	GlobalSection(SolutionProperties) = preSolution
		HideSolutionNode = FALSE
	EndGlobalSection
	GlobalSection(ExtensibilityGlobals) = postSolution
		SolutionGuid = {8A656669-7924-42F1-9D4E-80B554C7E042}
	EndGlobalSection
EndGlobal
