
Microsoft Visual Studio Solution File, Format Version 12.00
# Visual Studio Version 17
VisualStudioVersion = 17.14.36705.20 d17.14
MinimumVisualStudioVersion = 10.0.40219.1
Project("{FAE04EC0-301F-11D3-BF4B-00C04F79EFBC}") = "Assignment_4", "Assignment_4.csproj", "{03E472DA-D802-4838-99F0-2634EC907CF4}"
EndProject
Global
	GlobalSection(SolutionConfigurationPlatforms) = preSolution
		Debug|Any CPU = Debug|Any CPU
		Release|Any CPU = Release|Any CPU
	EndGlobalSection
	GlobalSection(ProjectConfigurationPlatforms) = postSolution
		{03E472DA-D802-4838-99F0-2634EC907CF4}.Debug|Any CPU.ActiveCfg = Debug|Any CPU
		{03E472DA-D802-4838-99F0-2634EC907CF4}.Debug|Any CPU.Build.0 = Debug|Any CPU
		{03E472DA-D802-4838-99F0-2634EC907CF4}.Release|Any CPU.ActiveCfg = Release|Any CPU
		{03E472DA-D802-4838-99F0-2634EC907CF4}.Release|Any CPU.Build.0 = Release|Any CPU
	EndGlobalSection
	GlobalSection(SolutionProperties) = preSolution
		HideSolutionNode = FALSE
	EndGlobalSection
	GlobalSection(ExtensibilityGlobals) = postSolution
		SolutionGuid = {404C8750-3C57-4D91-99A8-589C2BAA35FC}
	EndGlobalSection
EndGlobal
